
Microsoft Visual Studio Solution File, Format Version 12.00
# Visual Studio Version 17
VisualStudioVersion = 17.5.002.0
MinimumVisualStudioVersion = 10.0.40219.1
Project("{9A19103F-16F7-4668-BE54-9A1E7A4F7556}") = "GrpcGreeterClient", "GrpcGreeterClient.csproj", "{AECAEC72-F21E-4640-BD60-691405BE5B2B}"
EndProject
Global
	GlobalSection(SolutionConfigurationPlatforms) = preSolution
		Debug|Any CPU = Debug|Any CPU
		Release|Any CPU = Release|Any CPU
	EndGlobalSection
	GlobalSection(ProjectConfigurationPlatforms) = postSolution
		{AECAEC72-F21E-4640-BD60-691405BE5B2B}.Debug|Any CPU.ActiveCfg = Debug|Any CPU
		{AECAEC72-F21E-4640-BD60-691405BE5B2B}.Debug|Any CPU.Build.0 = Debug|Any CPU
		{AECAEC72-F21E-4640-BD60-691405BE5B2B}.Release|Any CPU.ActiveCfg = Release|Any CPU
		{AECAEC72-F21E-4640-BD60-691405BE5B2B}.Release|Any CPU.Build.0 = Release|Any CPU
	EndGlobalSection
	GlobalSection(SolutionProperties) = preSolution
		HideSolutionNode = FALSE
	EndGlobalSection
	GlobalSection(ExtensibilityGlobals) = postSolution
		SolutionGuid = {66BF06B9-D601-4099-99DD-900F177E09BC}
	EndGlobalSection
EndGlobal
